
Microsoft Visual Studio Solution File, Format Version 12.00
# Visual Studio 2013
VisualStudioVersion = 12.0.21005.1
MinimumVisualStudioVersion = 10.0.40219.1
Project("{FAE04EC0-301F-11D3-BF4B-00C04F79EFBC}") = "Bok", "Bok\Bok.csproj", "{94218C51-5689-48D2-AEB6-F3F9F6AF072B}"
EndProject
Global
	GlobalSection(SolutionConfigurationPlatforms) = preSolution
		Debug|Any CPU = Debug|Any CPU
		Release|Any CPU = Release|Any CPU
	EndGlobalSection
	GlobalSection(ProjectConfigurationPlatforms) = postSolution
		{94218C51-5689-48D2-AEB6-F3F9F6AF072B}.Debug|Any CPU.ActiveCfg = Debug|Any CPU
		{94218C51-5689-48D2-AEB6-F3F9F6AF072B}.Debug|Any CPU.Build.0 = Debug|Any CPU
		{94218C51-5689-48D2-AEB6-F3F9F6AF072B}.Release|Any CPU.ActiveCfg = Release|Any CPU
		{94218C51-5689-48D2-AEB6-F3F9F6AF072B}.Release|Any CPU.Build.0 = Release|Any CPU
	EndGlobalSection
	GlobalSection(SolutionProperties) = preSolution
		HideSolutionNode = FALSE
	EndGlobalSection
EndGlobal
